// !$*UTF8*$!
{
	archiveVersion = 1;
	classes = {
	};
	objectVersion = 50;
	objects = {

/* Begin PBXBuildFile section */
		F51F2A41242E0A4E001AAA19 /* AppDelegate.swift in Sources */ = {isa = PBXBuildFile; fileRef = F51F2A40242E0A4E001AAA19 /* AppDelegate.swift */; };
		F51F2A43242E0A4E001AAA19 /* ViewController.swift in Sources */ = {isa = PBXBuildFile; fileRef = F51F2A42242E0A4E001AAA19 /* ViewController.swift */; };
		F51F2A46242E0A4E001AAA19 /* Main.storyboard in Resources */ = {isa = PBXBuildFile; fileRef = F51F2A44242E0A4E001AAA19 /* Main.storyboard */; };
		F51F2A48242E0A51001AAA19 /* Assets.xcassets in Resources */ = {isa = PBXBuildFile; fileRef = F51F2A47242E0A51001AAA19 /* Assets.xcassets */; };
		F51F2A4B242E0A51001AAA19 /* LaunchScreen.storyboard in Resources */ = {isa = PBXBuildFile; fileRef = F51F2A49242E0A51001AAA19 /* LaunchScreen.storyboard */; };
		F51F2A53242E15EC001AAA19 /* TodoCell.swift in Sources */ = {isa = PBXBuildFile; fileRef = F51F2A52242E15EC001AAA19 /* TodoCell.swift */; };
/* End PBXBuildFile section */

/* Begin PBXFileReference section */
		F51F2A3D242E0A4E001AAA19 /* To do App.app */ = {isa = PBXFileReference; explicitFileType = wrapper.application; includeInIndex = 0; path = "To do App.app"; sourceTree = BUILT_PRODUCTS_DIR; };
		F51F2A40242E0A4E001AAA19 /* AppDelegate.swift */ = {isa = PBXFileReference; lastKnownFileType = sourcecode.swift; path = AppDelegate.swift; sourceTree = "<group>"; };
		F51F2A42242E0A4E001AAA19 /* ViewController.swift */ = {isa = PBXFileReference; lastKnownFileType = sourcecode.swift; path = ViewController.swift; sourceTree = "<group>"; };
		F51F2A45242E0A4E001AAA19 /* Base */ = {isa = PBXFileReference; lastKnownFileType = file.storyboard; name = Base; path = Base.lproj/Main.storyboard; sourceTree = "<group>"; };
		F51F2A47242E0A51001AAA19 /* Assets.xcassets */ = {isa = PBXFileReference; lastKnownFileType = folder.assetcatalog; path = Assets.xcassets; sourceTree = "<group>"; };
		F51F2A4A242E0A51001AAA19 /* Base */ = {isa = PBXFileReference; lastKnownFileType = file.storyboard; name = Base; path = Base.lproj/LaunchScreen.storyboard; sourceTree = "<group>"; };
		F51F2A4C242E0A51001AAA19 /* Info.plist */ = {isa = PBXFileReference; lastKnownFileType = text.plist.xml; path = Info.plist; sourceTree = "<group>"; };
		F51F2A52242E15EC001AAA19 /* TodoCell.swift */ = {isa = PBXFileReference; lastKnownFileType = sourcecode.swift; path = TodoCell.swift; sourceTree = "<group>"; };
/* End PBXFileReference section */

/* Begin PBXFrameworksBuildPhase section */
		F51F2A3A242E0A4E001AAA19 /* Frameworks */ = {
			isa = PBXFrameworksBuildPhase;
			buildActionMask = 2147483647;
			files = (
			);
			runOnlyForDeploymentPostprocessing = 0;
		};
/* End PBXFrameworksBuildPhase section */

/* Begin PBXGroup section */
		F51F2A34242E0A4E001AAA19 = {
			isa = PBXGroup;
			children = (
				F51F2A3F242E0A4E001AAA19 /* To do App */,
				F51F2A3E242E0A4E001AAA19 /* Products */,
			);
			sourceTree = "<group>";
		};
		F51F2A3E242E0A4E001AAA19 /* Products */ = {
			isa = PBXGroup;
			children = (
				F51F2A3D242E0A4E001AAA19 /* To do App.app */,
			);
			name = Products;
			sourceTree = "<group>";
		};
		F51F2A3F242E0A4E001AAA19 /* To do App */ = {
			isa = PBXGroup;
			children = (
				F51F2A40242E0A4E001AAA19 /* AppDelegate.swift */,
				F51F2A42242E0A4E001AAA19 /* ViewController.swift */,
				F51F2A44242E0A4E001AAA19 /* Main.storyboard */,
				F51F2A52242E15EC001AAA19 /* TodoCell.swift */,
				F51F2A47242E0A51001AAA19 /* Assets.xcassets */,
				F51F2A49242E0A51001AAA19 /* LaunchScreen.storyboard */,
				F51F2A4C242E0A51001AAA19 /* Info.plist */,
			);
			path = "To do App";
			sourceTree = "<group>";
		};
/* End PBXGroup section */

/* Begin PBXNativeTarget section */
		F51F2A3C242E0A4E001AAA19 /* To do App */ = {
			isa = PBXNativeTarget;
			buildConfigurationList = F51F2A4F242E0A51001AAA19 /* Build configuration list for PBXNativeTarget "To do App" */;
			buildPhases = (
				F51F2A39242E0A4E001AAA19 /* Sources */,
				F51F2A3A242E0A4E001AAA19 /* Frameworks */,
				F51F2A3B242E0A4E001AAA19 /* Resources */,
			);
			buildRules = (
			);
			dependencies = (
			);
			name = "To do App";
			productName = "To do App";
			productReference = F51F2A3D242E0A4E001AAA19 /* To do App.app */;
			productType = "com.apple.product-type.application";
		};
/* End PBXNativeTarget section */

/* Begin PBXProject section */
		F51F2A35242E0A4E001AAA19 /* Project object */ = {
			isa = PBXProject;
			attributes = {
				LastSwiftUpdateCheck = 1030;
				LastUpgradeCheck = 1030;
				ORGANIZATIONNAME = "Mariam Elmorshedy";
				TargetAttributes = {
					F51F2A3C242E0A4E001AAA19 = {
						CreatedOnToolsVersion = 10.3;
					};
				};
			};
			buildConfigurationList = F51F2A38242E0A4E001AAA19 /* Build configuration list for PBXProject "To do App" */;
			compatibilityVersion = "Xcode 9.3";
			developmentRegion = en;
			hasScannedForEncodings = 0;
			knownRegions = (
				en,
				Base,
			);
			mainGroup = F51F2A34242E0A4E001AAA19;
			productRefGroup = F51F2A3E242E0A4E001AAA19 /* Products */;
			projectDirPath = "";
			projectRoot = "";
			targets = (
				F51F2A3C242E0A4E001AAA19 /* To do App */,
			);
		};
/* End PBXProject section */

/* Begin PBXResourcesBuildPhase section */
		F51F2A3B242E0A4E001AAA19 /* Resources */ = {
			isa = PBXResourcesBuildPhase;
			buildActionMask = 2147483647;
			files = (
				F51F2A4B242E0A51001AAA19 /* LaunchScreen.storyboard in Resources */,
				F51F2A48242E0A51001AAA19 /* Assets.xcassets in Resources */,
				F51F2A46242E0A4E001AAA19 /* Main.storyboard in Resources */,
			);
			runOnlyForDeploymentPostprocessing = 0;
		};
/* End PBXResourcesBuildPhase section */

/* Begin PBXSourcesBuildPhase section */
		F51F2A39242E0A4E001AAA19 /* Sources */ = {
			isa = PBXSourcesBuildPhase;
			buildActionMask = 2147483647;
			files = (
				F51F2A43242E0A4E001AAA19 /* ViewController.swift in Sources */,
				F51F2A53242E15EC001AAA19 /* TodoCell.swift in Sources */,
				F51F2A41242E0A4E001AAA19 /* AppDelegate.swift in Sources */,
			);
			runOnlyForDeploymentPostprocessing = 0;
		};
/* End PBXSourcesBuildPhase section */

/* Begin PBXVariantGroup section */
		F51F2A44242E0A4E001AAA19 /* Main.storyboard */ = {
			isa = PBXVariantGroup;
			children = (
				F51F2A45242E0A4E001AAA19 /* Base */,
			);
			name = Main.storyboard;
			sourceTree = "<group>";
		};
		F51F2A49242E0A51001AAA19 /* LaunchScreen.storyboard */ = {
			isa = PBXVariantGroup;
			children = (
				F51F2A4A242E0A51001AAA19 /* Base */,
			);
			name = LaunchScreen.storyboard;
			sourceTree = "<group>";
		};
/* End PBXVariantGroup section */

/* Begin XCBuildConfiguration section */
		F51F2A4D242E0A51001AAA19 /* Debug */ = {
			isa = XCBuildConfiguration;
			buildSettings = {
				ALWAYS_SEARCH_USER_PATHS = NO;
				CLANG_ANALYZER_NONNULL = YES;
				CLANG_ANALYZER_NUMBER_OBJECT_CONVERSION = YES_AGGRESSIVE;
				CLANG_CXX_LANGUAGE_STANDARD = "gnu++14";
				CLANG_CXX_LIBRARY = "libc++";
				CLANG_ENABLE_MODULES = YES;
				CLANG_ENABLE_OBJC_ARC = YES;
				CLANG_ENABLE_OBJC_WEAK = YES;
				CLANG_WARN_BLOCK_CAPTURE_AUTORELEASING = YES;
				CLANG_WARN_BOOL_CONVERSION = YES;
				CLANG_WARN_COMMA = YES;
				CLANG_WARN_CONSTANT_CONVERSION = YES;
				CLANG_WARN_DEPRECATED_OBJC_IMPLEMENTATIONS = YES;
				CLANG_WARN_DIRECT_OBJC_ISA_USAGE = YES_ERROR;
				CLANG_WARN_DOCUMENTATION_COMMENTS = YES;
				CLANG_WARN_EMPTY_BODY = YES;
				CLANG_WARN_ENUM_CONVERSION = YES;
				CLANG_WARN_INFINITE_RECURSION = YES;
				CLANG_WARN_INT_CONVERSION = YES;
				CLANG_WARN_NON_LITERAL_NULL_CONVERSION = YES;
				CLANG_WARN_OBJC_IMPLICIT_RETAIN_SELF = YES;
				CLANG_WARN_OBJC_LITERAL_CONVERSION = YES;
				CLANG_WARN_OBJC_ROOT_CLASS = YES_ERROR;
				CLANG_WARN_RANGE_LOOP_ANALYSIS = YES;
				CLANG_WARN_STRICT_PROTOTYPES = YES;
				CLANG_WARN_SUSPICIOUS_MOVE = YES;
				CLANG_WARN_UNGUARDED_AVAILABILITY = YES_AGGRESSIVE;
				CLANG_WARN_UNREACHABLE_CODE = YES;
				CLANG_WARN__DUPLICATE_METHOD_MATCH = YES;
				CODE_SIGN_IDENTITY = "iPhone Developer";
				COPY_PHASE_STRIP = NO;
				DEBUG_INFORMATION_FORMAT = dwarf;
				ENABLE_STRICT_OBJC_MSGSEND = YES;
				ENABLE_TESTABILITY = YES;
				GCC_C_LANGUAGE_STANDARD = gnu11;
				GCC_DYNAMIC_NO_PIC = NO;
				GCC_NO_COMMON_BLOCKS = YES;
				GCC_OPTIMIZATION_LEVEL = 0;
				GCC_PREPROCESSOR_DEFINITIONS = (
					"DEBUG=1",
					"$(inherited)",
				);
				GCC_WARN_64_TO_32_BIT_CONVERSION = YES;
				GCC_WARN_ABOUT_RETURN_TYPE = YES_ERROR;
				GCC_WARN_UNDECLARED_SELECTOR = YES;
				GCC_WARN_UNINITIALIZED_AUTOS = YES_AGGRESSIVE;
				GCC_WARN_UNUSED_FUNCTION = YES;
				GCC_WARN_UNUSED_VARIABLE = YES;
				IPHONEOS_DEPLOYMENT_TARGET = 12.4;
				MTL_ENABLE_DEBUG_INFO = INCLUDE_SOURCE;
				MTL_FAST_MATH = YES;
				ONLY_ACTIVE_ARCH = YES;
				SDKROOT = iphoneos;
				SWIFT_ACTIVE_COMPILATION_CONDITIONS = DEBUG;
				SWIFT_OPTIMIZATION_LEVEL = "-Onone";
			};
			name = Debug;
		};
		F51F2A4E242E0A51001AAA19 /* Release */ = {
			isa = XCBuildConfiguration;
			buildSettings = {
				ALWAYS_SEARCH_USER_PATHS = NO;
				CLANG_ANALYZER_NONNULL = YES;
				CLANG_ANALYZER_NUMBER_OBJECT_CONVERSION = YES_AGGRESSIVE;
				CLANG_CXX_LANGUAGE_STANDARD = "gnu++14";
				CLANG_CXX_LIBRARY = "libc++";
				CLANG_ENABLE_MODULES = YES;
				CLANG_ENABLE_OBJC_ARC = YES;
				CLANG_ENABLE_OBJC_WEAK = YES;
				CLANG_WARN_BLOCK_CAPTURE_AUTORELEASING = YES;
				CLANG_WARN_BOOL_CONVERSION = YES;
				CLANG_WARN_COMMA = YES;
				CLANG_WARN_CONSTANT_CONVERSION = YES;
				CLANG_WARN_DEPRECATED_OBJC_IMPLEMENTATIONS = YES;
				CLANG_WARN_DIRECT_OBJC_ISA_USAGE = YES_ERROR;
				CLANG_WARN_DOCUMENTATION_COMMENTS = YES;
				CLANG_WARN_EMPTY_BODY = YES;
				CLANG_WARN_ENUM_CONVERSION = YES;
				CLANG_WARN_INFINITE_RECURSION = YES;
				CLANG_WARN_INT_CONVERSION = YES;
				CLANG_WARN_NON_LITERAL_NULL_CONVERSION = YES;
				CLANG_WARN_OBJC_IMPLICIT_RETAIN_SELF = YES;
				CLANG_WARN_OBJC_LITERAL_CONVERSION = YES;
				CLANG_WARN_OBJC_ROOT_CLASS = YES_ERROR;
				CLANG_WARN_RANGE_LOOP_ANALYSIS = YES;
				CLANG_WARN_STRICT_PROTOTYPES = YES;
				CLANG_WARN_SUSPICIOUS_MOVE = YES;
				CLANG_WARN_UNGUARDED_AVAILABILITY = YES_AGGRESSIVE;
				CLANG_WARN_UNREACHABLE_CODE = YES;
				CLANG_WARN__DUPLICATE_METHOD_MATCH = YES;
				CODE_SIGN_IDENTITY = "iPhone Developer";
				COPY_PHASE_STRIP = NO;
				DEBUG_INFORMATION_FORMAT = "dwarf-with-dsym";
				ENABLE_NS_ASSERTIONS = NO;
				ENABLE_STRICT_OBJC_MSGSEND = YES;
				GCC_C_LANGUAGE_STANDARD = gnu11;
				GCC_NO_COMMON_BLOCKS = YES;
				GCC_WARN_64_TO_32_BIT_CONVERSION = YES;
				GCC_WARN_ABOUT_RETURN_TYPE = YES_ERROR;
				GCC_WARN_UNDECLARED_SELECTOR = YES;
				GCC_WARN_UNINITIALIZED_AUTOS = YES_AGGRESSIVE;
				GCC_WARN_UNUSED_FUNCTION = YES;
				GCC_WARN_UNUSED_VARIABLE = YES;
				IPHONEOS_DEPLOYMENT_TARGET = 12.4;
				MTL_ENABLE_DEBUG_INFO = NO;
				MTL_FAST_MATH = YES;
				SDKROOT = iphoneos;
				SWIFT_COMPILATION_MODE = wholemodule;
				SWIFT_OPTIMIZATION_LEVEL = "-O";
				VALIDATE_PRODUCT = YES;
			};
			name = Release;
		};
		F51F2A50242E0A51001AAA19 /* Debug */ = {
			isa = XCBuildConfiguration;
			buildSettings = {
				ASSETCATALOG_COMPILER_APPICON_NAME = AppIcon;
				CODE_SIGN_STYLE = Automatic;
				INFOPLIST_FILE = "To do App/Info.plist";
				LD_RUNPATH_SEARCH_PATHS = (
					"$(inherited)",
					"@executable_path/Frameworks",
				);
				PRODUCT_BUNDLE_IDENTIFIER = "com.mariam.To-do-App";
				PRODUCT_NAME = "$(TARGET_NAME)";
				SWIFT_VERSION = 5.0;
				TARGETED_DEVICE_FAMILY = "1,2";
			};
			name = Debug;
		};
		F51F2A51242E0A51001AAA19 /* Release */ = {
			isa = XCBuildConfiguration;
			buildSettings = {
				ASSETCATALOG_COMPILER_APPICON_NAME = AppIcon;
				CODE_SIGN_STYLE = Automatic;
				INFOPLIST_FILE = "To do App/Info.plist";
				LD_RUNPATH_SEARCH_PATHS = (
					"$(inherited)",
					"@executable_path/Frameworks",
				);
				PRODUCT_BUNDLE_IDENTIFIER = "com.mariam.To-do-App";
				PRODUCT_NAME = "$(TARGET_NAME)";
				SWIFT_VERSION = 5.0;
				TARGETED_DEVICE_FAMILY = "1,2";
			};
			name = Release;
		};
/* End XCBuildConfiguration section */

/* Begin XCConfigurationList section */
		F51F2A38242E0A4E001AAA19 /* Build configuration list for PBXProject "To do App" */ = {
			isa = XCConfigurationList;
			buildConfigurations = (
				F51F2A4D242E0A51001AAA19 /* Debug */,
				F51F2A4E242E0A51001AAA19 /* Release */,
			);
			defaultConfigurationIsVisible = 0;
			defaultConfigurationName = Release;
		};
		F51F2A4F242E0A51001AAA19 /* Build configuration list for PBXNativeTarget "To do App" */ = {
			isa = XCConfigurationList;
			buildConfigurations = (
				F51F2A50242E0A51001AAA19 /* Debug */,
				F51F2A51242E0A51001AAA19 /* Release */,
			);
			defaultConfigurationIsVisible = 0;
			defaultConfigurationName = Release;
		};
/* End XCConfigurationList section */
	};
	rootObject = F51F2A35242E0A4E001AAA19 /* Project object */;
}
